# THIS IS AN AUTOGENERATED FILE. DO NOT EDIT THIS FILE DIRECTLY.
# yarn lockfile v1


"@vue/devtools-api@^6.5.0":
  version "6.5.1"
  resolved "https://registry.npmmirror.com/@vue/devtools-api/-/devtools-api-6.5.1.tgz#7f71f31e40973eeee65b9a64382b13593fdbd697"
  integrity sha512-+KpckaAQyfbvshdDW5xQylLni1asvNSGme1JFs8I1+/H5pHEhqUKMEQD/qn3Nx5+/nycBq11qAEi8lk+LXI2dA==

pinia-plugin-persistedstate@^3.2.0:
  version "3.2.0"
  resolved "https://registry.npmmirror.com/pinia-plugin-persistedstate/-/pinia-plugin-persistedstate-3.2.0.tgz#9932ca2ae88aa6c0d6763bebc6447d7bd1f097d0"
  integrity sha512-tZbNGf2vjAQcIm7alK40sE51Qu/m9oWr+rEgNm/2AWr1huFxj72CjvpQcIQzMknDBJEkQznCLAGtJTIcLKrKdw==

pinia@^2.1.7:
  version "2.1.7"
  resolved "https://registry.npmmirror.com/pinia/-/pinia-2.1.7.tgz#4cf5420d9324ca00b7b4984d3fbf693222115bbc"
  integrity sha512-+C2AHFtcFqjPih0zpYuvof37SFxMQ7OEG2zV9jRI12i9BOy3YQVAHwdKtyyc8pDcDyIc33WCIsZaCFWU7WWxGQ==
  dependencies:
    "@vue/devtools-api" "^6.5.0"
    vue-demi ">=0.14.5"

vue-demi@>=0.14.5:
  version "0.14.6"
  resolved "https://registry.npmmirror.com/vue-demi/-/vue-demi-0.14.6.tgz#dc706582851dc1cdc17a0054f4fec2eb6df74c92"
  integrity sha512-8QA7wrYSHKaYgUxDA5ZC24w+eHm3sYCbp0EzcDwKqN3p6HqtTCGR/GVsPyZW92unff4UlcSh++lmqDWN3ZIq4w==
